// !$*UTF8*$!
{
	archiveVersion = 1;
	classes = {
	};
	objectVersion = 50;
	objects = {

/* Begin PBXBuildFile section */
		95478A302535D41B00709F5E /* CustomAvatar.swift in Sources */ = {isa = PBXBuildFile; fileRef = 95478A2F2535D41B00709F5E /* CustomAvatar.swift */; };
		957C9FF82531BEBC00B68AAF /* User.swift in Sources */ = {isa = PBXBuildFile; fileRef = 957C9FF72531BEBC00B68AAF /* User.swift */; };
		957C9FFB2531BECB00B68AAF /* Group.swift in Sources */ = {isa = PBXBuildFile; fileRef = 957C9FFA2531BECB00B68AAF /* Group.swift */; };
		957C9FFE2531BF9C00B68AAF /* FriendsTableViewController.swift in Sources */ = {isa = PBXBuildFile; fileRef = 957C9FFD2531BF9C00B68AAF /* FriendsTableViewController.swift */; };
		957CA0012531C04A00B68AAF /* GroupsTableViewController.swift in Sources */ = {isa = PBXBuildFile; fileRef = 957CA0002531C04A00B68AAF /* GroupsTableViewController.swift */; };
		957CA0042531C06A00B68AAF /* PhotosCollectionViewController.swift in Sources */ = {isa = PBXBuildFile; fileRef = 957CA0032531C06A00B68AAF /* PhotosCollectionViewController.swift */; };
		957CA00B2531C5C400B68AAF /* FriendTableViewCell.swift in Sources */ = {isa = PBXBuildFile; fileRef = 957CA00A2531C5C400B68AAF /* FriendTableViewCell.swift */; };
		957CA00F2531C97400B68AAF /* GroupTableViewCell.swift in Sources */ = {isa = PBXBuildFile; fileRef = 957CA00E2531C97300B68AAF /* GroupTableViewCell.swift */; };
		957CA0122531C9EB00B68AAF /* GroupSearchTableViewCell.swift in Sources */ = {isa = PBXBuildFile; fileRef = 957CA0112531C9EB00B68AAF /* GroupSearchTableViewCell.swift */; };
		957CA0152531CB0600B68AAF /* PhotoCollectionViewCell.swift in Sources */ = {isa = PBXBuildFile; fileRef = 957CA0142531CB0600B68AAF /* PhotoCollectionViewCell.swift */; };
		957CA0182531CEBB00B68AAF /* GroupsSerachTableViewController.swift in Sources */ = {isa = PBXBuildFile; fileRef = 957CA0172531CEBB00B68AAF /* GroupsSerachTableViewController.swift */; };
		95CFB3D72523C9B700A065C7 /* LoginFormViewController.swift in Sources */ = {isa = PBXBuildFile; fileRef = 95CFB3D62523C9B700A065C7 /* LoginFormViewController.swift */; };
		95D1ADC525238B6200464727 /* AppDelegate.swift in Sources */ = {isa = PBXBuildFile; fileRef = 95D1ADC425238B6200464727 /* AppDelegate.swift */; };
		95D1ADC725238B6200464727 /* SceneDelegate.swift in Sources */ = {isa = PBXBuildFile; fileRef = 95D1ADC625238B6200464727 /* SceneDelegate.swift */; };
		95D1ADCC25238B6200464727 /* Main.storyboard in Resources */ = {isa = PBXBuildFile; fileRef = 95D1ADCA25238B6200464727 /* Main.storyboard */; };
		95D1ADCE25238B6500464727 /* Assets.xcassets in Resources */ = {isa = PBXBuildFile; fileRef = 95D1ADCD25238B6500464727 /* Assets.xcassets */; };
		95D1ADD125238B6500464727 /* LaunchScreen.storyboard in Resources */ = {isa = PBXBuildFile; fileRef = 95D1ADCF25238B6500464727 /* LaunchScreen.storyboard */; };
/* End PBXBuildFile section */

/* Begin PBXFileReference section */
		95478A2F2535D41B00709F5E /* CustomAvatar.swift */ = {isa = PBXFileReference; lastKnownFileType = sourcecode.swift; path = CustomAvatar.swift; sourceTree = "<group>"; };
		957C9FF72531BEBC00B68AAF /* User.swift */ = {isa = PBXFileReference; lastKnownFileType = sourcecode.swift; path = User.swift; sourceTree = "<group>"; };
		957C9FFA2531BECB00B68AAF /* Group.swift */ = {isa = PBXFileReference; lastKnownFileType = sourcecode.swift; path = Group.swift; sourceTree = "<group>"; };
		957C9FFD2531BF9C00B68AAF /* FriendsTableViewController.swift */ = {isa = PBXFileReference; lastKnownFileType = sourcecode.swift; path = FriendsTableViewController.swift; sourceTree = "<group>"; };
		957CA0002531C04A00B68AAF /* GroupsTableViewController.swift */ = {isa = PBXFileReference; lastKnownFileType = sourcecode.swift; path = GroupsTableViewController.swift; sourceTree = "<group>"; };
		957CA0032531C06A00B68AAF /* PhotosCollectionViewController.swift */ = {isa = PBXFileReference; lastKnownFileType = sourcecode.swift; path = PhotosCollectionViewController.swift; sourceTree = "<group>"; };
		957CA00A2531C5C400B68AAF /* FriendTableViewCell.swift */ = {isa = PBXFileReference; lastKnownFileType = sourcecode.swift; path = FriendTableViewCell.swift; sourceTree = "<group>"; };
		957CA00E2531C97300B68AAF /* GroupTableViewCell.swift */ = {isa = PBXFileReference; lastKnownFileType = sourcecode.swift; path = GroupTableViewCell.swift; sourceTree = "<group>"; };
		957CA0112531C9EB00B68AAF /* GroupSearchTableViewCell.swift */ = {isa = PBXFileReference; lastKnownFileType = sourcecode.swift; path = GroupSearchTableViewCell.swift; sourceTree = "<group>"; };
		957CA0142531CB0600B68AAF /* PhotoCollectionViewCell.swift */ = {isa = PBXFileReference; lastKnownFileType = sourcecode.swift; path = PhotoCollectionViewCell.swift; sourceTree = "<group>"; };
		957CA0172531CEBB00B68AAF /* GroupsSerachTableViewController.swift */ = {isa = PBXFileReference; lastKnownFileType = sourcecode.swift; path = GroupsSerachTableViewController.swift; sourceTree = "<group>"; };
		95CFB3D62523C9B700A065C7 /* LoginFormViewController.swift */ = {isa = PBXFileReference; lastKnownFileType = sourcecode.swift; path = LoginFormViewController.swift; sourceTree = "<group>"; };
		95D1ADC125238B6200464727 /* SocialApp.app */ = {isa = PBXFileReference; explicitFileType = wrapper.application; includeInIndex = 0; path = SocialApp.app; sourceTree = BUILT_PRODUCTS_DIR; };
		95D1ADC425238B6200464727 /* AppDelegate.swift */ = {isa = PBXFileReference; lastKnownFileType = sourcecode.swift; path = AppDelegate.swift; sourceTree = "<group>"; };
		95D1ADC625238B6200464727 /* SceneDelegate.swift */ = {isa = PBXFileReference; lastKnownFileType = sourcecode.swift; path = SceneDelegate.swift; sourceTree = "<group>"; };
		95D1ADCB25238B6200464727 /* Base */ = {isa = PBXFileReference; lastKnownFileType = file.storyboard; name = Base; path = Base.lproj/Main.storyboard; sourceTree = "<group>"; };
		95D1ADCD25238B6500464727 /* Assets.xcassets */ = {isa = PBXFileReference; lastKnownFileType = folder.assetcatalog; path = Assets.xcassets; sourceTree = "<group>"; };
		95D1ADD025238B6500464727 /* Base */ = {isa = PBXFileReference; lastKnownFileType = file.storyboard; name = Base; path = Base.lproj/LaunchScreen.storyboard; sourceTree = "<group>"; };
		95D1ADD225238B6500464727 /* Info.plist */ = {isa = PBXFileReference; lastKnownFileType = text.plist.xml; path = Info.plist; sourceTree = "<group>"; };
/* End PBXFileReference section */

/* Begin PBXFrameworksBuildPhase section */
		95D1ADBE25238B6200464727 /* Frameworks */ = {
			isa = PBXFrameworksBuildPhase;
			buildActionMask = 2147483647;
			files = (
			);
			runOnlyForDeploymentPostprocessing = 0;
		};
/* End PBXFrameworksBuildPhase section */

/* Begin PBXGroup section */
		957C9FF62531BE9E00B68AAF /* Model */ = {
			isa = PBXGroup;
			children = (
				957C9FF72531BEBC00B68AAF /* User.swift */,
				957C9FFA2531BECB00B68AAF /* Group.swift */,
			);
			path = Model;
			sourceTree = "<group>";
		};
		95D1ADB825238B6200464727 = {
			isa = PBXGroup;
			children = (
				95D1ADC325238B6200464727 /* SocialApp */,
				95D1ADC225238B6200464727 /* Products */,
			);
			sourceTree = "<group>";
		};
		95D1ADC225238B6200464727 /* Products */ = {
			isa = PBXGroup;
			children = (
				95D1ADC125238B6200464727 /* SocialApp.app */,
			);
			name = Products;
			sourceTree = "<group>";
		};
		95D1ADC325238B6200464727 /* SocialApp */ = {
			isa = PBXGroup;
			children = (
				957C9FF62531BE9E00B68AAF /* Model */,
				95D1ADC425238B6200464727 /* AppDelegate.swift */,
				95D1ADC625238B6200464727 /* SceneDelegate.swift */,
				95D1ADCA25238B6200464727 /* Main.storyboard */,
				95D1ADCD25238B6500464727 /* Assets.xcassets */,
				95D1ADCF25238B6500464727 /* LaunchScreen.storyboard */,
				95D1ADD225238B6500464727 /* Info.plist */,
				95CFB3D62523C9B700A065C7 /* LoginFormViewController.swift */,
				957C9FFD2531BF9C00B68AAF /* FriendsTableViewController.swift */,
				957CA0002531C04A00B68AAF /* GroupsTableViewController.swift */,
				957CA0032531C06A00B68AAF /* PhotosCollectionViewController.swift */,
				957CA00A2531C5C400B68AAF /* FriendTableViewCell.swift */,
				957CA00E2531C97300B68AAF /* GroupTableViewCell.swift */,
				957CA0112531C9EB00B68AAF /* GroupSearchTableViewCell.swift */,
				957CA0142531CB0600B68AAF /* PhotoCollectionViewCell.swift */,
				957CA0172531CEBB00B68AAF /* GroupsSerachTableViewController.swift */,
				95478A2F2535D41B00709F5E /* CustomAvatar.swift */,
			);
			path = SocialApp;
			sourceTree = "<group>";
		};
/* End PBXGroup section */

/* Begin PBXNativeTarget section */
		95D1ADC025238B6200464727 /* SocialApp */ = {
			isa = PBXNativeTarget;
			buildConfigurationList = 95D1ADD525238B6500464727 /* Build configuration list for PBXNativeTarget "SocialApp" */;
			buildPhases = (
				95D1ADBD25238B6200464727 /* Sources */,
				95D1ADBE25238B6200464727 /* Frameworks */,
				95D1ADBF25238B6200464727 /* Resources */,
			);
			buildRules = (
			);
			dependencies = (
			);
			name = SocialApp;
			productName = SocialApp;
			productReference = 95D1ADC125238B6200464727 /* SocialApp.app */;
			productType = "com.apple.product-type.application";
		};
/* End PBXNativeTarget section */

/* Begin PBXProject section */
		95D1ADB925238B6200464727 /* Project object */ = {
			isa = PBXProject;
			attributes = {
				LastSwiftUpdateCheck = 1200;
				LastUpgradeCheck = 1200;
				TargetAttributes = {
					95D1ADC025238B6200464727 = {
						CreatedOnToolsVersion = 12.0;
					};
				};
			};
			buildConfigurationList = 95D1ADBC25238B6200464727 /* Build configuration list for PBXProject "SocialApp" */;
			compatibilityVersion = "Xcode 9.3";
			developmentRegion = en;
			hasScannedForEncodings = 0;
			knownRegions = (
				en,
				Base,
			);
			mainGroup = 95D1ADB825238B6200464727;
			productRefGroup = 95D1ADC225238B6200464727 /* Products */;
			projectDirPath = "";
			projectRoot = "";
			targets = (
				95D1ADC025238B6200464727 /* SocialApp */,
			);
		};
/* End PBXProject section */

/* Begin PBXResourcesBuildPhase section */
		95D1ADBF25238B6200464727 /* Resources */ = {
			isa = PBXResourcesBuildPhase;
			buildActionMask = 2147483647;
			files = (
				95D1ADD125238B6500464727 /* LaunchScreen.storyboard in Resources */,
				95D1ADCE25238B6500464727 /* Assets.xcassets in Resources */,
				95D1ADCC25238B6200464727 /* Main.storyboard in Resources */,
			);
			runOnlyForDeploymentPostprocessing = 0;
		};
/* End PBXResourcesBuildPhase section */

/* Begin PBXSourcesBuildPhase section */
		95D1ADBD25238B6200464727 /* Sources */ = {
			isa = PBXSourcesBuildPhase;
			buildActionMask = 2147483647;
			files = (
				957CA0182531CEBB00B68AAF /* GroupsSerachTableViewController.swift in Sources */,
				957CA00B2531C5C400B68AAF /* FriendTableViewCell.swift in Sources */,
				957C9FF82531BEBC00B68AAF /* User.swift in Sources */,
				95CFB3D72523C9B700A065C7 /* LoginFormViewController.swift in Sources */,
				957CA0122531C9EB00B68AAF /* GroupSearchTableViewCell.swift in Sources */,
				957C9FFE2531BF9C00B68AAF /* FriendsTableViewController.swift in Sources */,
				957CA0152531CB0600B68AAF /* PhotoCollectionViewCell.swift in Sources */,
				95D1ADC525238B6200464727 /* AppDelegate.swift in Sources */,
				957CA0012531C04A00B68AAF /* GroupsTableViewController.swift in Sources */,
				957C9FFB2531BECB00B68AAF /* Group.swift in Sources */,
				95D1ADC725238B6200464727 /* SceneDelegate.swift in Sources */,
				957CA0042531C06A00B68AAF /* PhotosCollectionViewController.swift in Sources */,
				957CA00F2531C97400B68AAF /* GroupTableViewCell.swift in Sources */,
				95478A302535D41B00709F5E /* CustomAvatar.swift in Sources */,
			);
			runOnlyForDeploymentPostprocessing = 0;
		};
/* End PBXSourcesBuildPhase section */

/* Begin PBXVariantGroup section */
		95D1ADCA25238B6200464727 /* Main.storyboard */ = {
			isa = PBXVariantGroup;
			children = (
				95D1ADCB25238B6200464727 /* Base */,
			);
			name = Main.storyboard;
			sourceTree = "<group>";
		};
		95D1ADCF25238B6500464727 /* LaunchScreen.storyboard */ = {
			isa = PBXVariantGroup;
			children = (
				95D1ADD025238B6500464727 /* Base */,
			);
			name = LaunchScreen.storyboard;
			sourceTree = "<group>";
		};
/* End PBXVariantGroup section */

/* Begin XCBuildConfiguration section */
		95D1ADD325238B6500464727 /* Debug */ = {
			isa = XCBuildConfiguration;
			buildSettings = {
				ALWAYS_SEARCH_USER_PATHS = NO;
				CLANG_ANALYZER_NONNULL = YES;
				CLANG_ANALYZER_NUMBER_OBJECT_CONVERSION = YES_AGGRESSIVE;
				CLANG_CXX_LANGUAGE_STANDARD = "gnu++14";
				CLANG_CXX_LIBRARY = "libc++";
				CLANG_ENABLE_MODULES = YES;
				CLANG_ENABLE_OBJC_ARC = YES;
				CLANG_ENABLE_OBJC_WEAK = YES;
				CLANG_WARN_BLOCK_CAPTURE_AUTORELEASING = YES;
				CLANG_WARN_BOOL_CONVERSION = YES;
				CLANG_WARN_COMMA = YES;
				CLANG_WARN_CONSTANT_CONVERSION = YES;
				CLANG_WARN_DEPRECATED_OBJC_IMPLEMENTATIONS = YES;
				CLANG_WARN_DIRECT_OBJC_ISA_USAGE = YES_ERROR;
				CLANG_WARN_DOCUMENTATION_COMMENTS = YES;
				CLANG_WARN_EMPTY_BODY = YES;
				CLANG_WARN_ENUM_CONVERSION = YES;
				CLANG_WARN_INFINITE_RECURSION = YES;
				CLANG_WARN_INT_CONVERSION = YES;
				CLANG_WARN_NON_LITERAL_NULL_CONVERSION = YES;
				CLANG_WARN_OBJC_IMPLICIT_RETAIN_SELF = YES;
				CLANG_WARN_OBJC_LITERAL_CONVERSION = YES;
				CLANG_WARN_OBJC_ROOT_CLASS = YES_ERROR;
				CLANG_WARN_QUOTED_INCLUDE_IN_FRAMEWORK_HEADER = YES;
				CLANG_WARN_RANGE_LOOP_ANALYSIS = YES;
				CLANG_WARN_STRICT_PROTOTYPES = YES;
				CLANG_WARN_SUSPICIOUS_MOVE = YES;
				CLANG_WARN_UNGUARDED_AVAILABILITY = YES_AGGRESSIVE;
				CLANG_WARN_UNREACHABLE_CODE = YES;
				CLANG_WARN__DUPLICATE_METHOD_MATCH = YES;
				COPY_PHASE_STRIP = NO;
				DEBUG_INFORMATION_FORMAT = dwarf;
				ENABLE_STRICT_OBJC_MSGSEND = YES;
				ENABLE_TESTABILITY = YES;
				GCC_C_LANGUAGE_STANDARD = gnu11;
				GCC_DYNAMIC_NO_PIC = NO;
				GCC_NO_COMMON_BLOCKS = YES;
				GCC_OPTIMIZATION_LEVEL = 0;
				GCC_PREPROCESSOR_DEFINITIONS = (
					"DEBUG=1",
					"$(inherited)",
				);
				GCC_WARN_64_TO_32_BIT_CONVERSION = YES;
				GCC_WARN_ABOUT_RETURN_TYPE = YES_ERROR;
				GCC_WARN_UNDECLARED_SELECTOR = YES;
				GCC_WARN_UNINITIALIZED_AUTOS = YES_AGGRESSIVE;
				GCC_WARN_UNUSED_FUNCTION = YES;
				GCC_WARN_UNUSED_VARIABLE = YES;
				IPHONEOS_DEPLOYMENT_TARGET = 14.0;
				MTL_ENABLE_DEBUG_INFO = INCLUDE_SOURCE;
				MTL_FAST_MATH = YES;
				ONLY_ACTIVE_ARCH = YES;
				SDKROOT = iphoneos;
				SWIFT_ACTIVE_COMPILATION_CONDITIONS = DEBUG;
				SWIFT_OPTIMIZATION_LEVEL = "-Onone";
			};
			name = Debug;
		};
		95D1ADD425238B6500464727 /* Release */ = {
			isa = XCBuildConfiguration;
			buildSettings = {
				ALWAYS_SEARCH_USER_PATHS = NO;
				CLANG_ANALYZER_NONNULL = YES;
				CLANG_ANALYZER_NUMBER_OBJECT_CONVERSION = YES_AGGRESSIVE;
				CLANG_CXX_LANGUAGE_STANDARD = "gnu++14";
				CLANG_CXX_LIBRARY = "libc++";
				CLANG_ENABLE_MODULES = YES;
				CLANG_ENABLE_OBJC_ARC = YES;
				CLANG_ENABLE_OBJC_WEAK = YES;
				CLANG_WARN_BLOCK_CAPTURE_AUTORELEASING = YES;
				CLANG_WARN_BOOL_CONVERSION = YES;
				CLANG_WARN_COMMA = YES;
				CLANG_WARN_CONSTANT_CONVERSION = YES;
				CLANG_WARN_DEPRECATED_OBJC_IMPLEMENTATIONS = YES;
				CLANG_WARN_DIRECT_OBJC_ISA_USAGE = YES_ERROR;
				CLANG_WARN_DOCUMENTATION_COMMENTS = YES;
				CLANG_WARN_EMPTY_BODY = YES;
				CLANG_WARN_ENUM_CONVERSION = YES;
				CLANG_WARN_INFINITE_RECURSION = YES;
				CLANG_WARN_INT_CONVERSION = YES;
				CLANG_WARN_NON_LITERAL_NULL_CONVERSION = YES;
				CLANG_WARN_OBJC_IMPLICIT_RETAIN_SELF = YES;
				CLANG_WARN_OBJC_LITERAL_CONVERSION = YES;
				CLANG_WARN_OBJC_ROOT_CLASS = YES_ERROR;
				CLANG_WARN_QUOTED_INCLUDE_IN_FRAMEWORK_HEADER = YES;
				CLANG_WARN_RANGE_LOOP_ANALYSIS = YES;
				CLANG_WARN_STRICT_PROTOTYPES = YES;
				CLANG_WARN_SUSPICIOUS_MOVE = YES;
				CLANG_WARN_UNGUARDED_AVAILABILITY = YES_AGGRESSIVE;
				CLANG_WARN_UNREACHABLE_CODE = YES;
				CLANG_WARN__DUPLICATE_METHOD_MATCH = YES;
				COPY_PHASE_STRIP = NO;
				DEBUG_INFORMATION_FORMAT = "dwarf-with-dsym";
				ENABLE_NS_ASSERTIONS = NO;
				ENABLE_STRICT_OBJC_MSGSEND = YES;
				GCC_C_LANGUAGE_STANDARD = gnu11;
				GCC_NO_COMMON_BLOCKS = YES;
				GCC_WARN_64_TO_32_BIT_CONVERSION = YES;
				GCC_WARN_ABOUT_RETURN_TYPE = YES_ERROR;
				GCC_WARN_UNDECLARED_SELECTOR = YES;
				GCC_WARN_UNINITIALIZED_AUTOS = YES_AGGRESSIVE;
				GCC_WARN_UNUSED_FUNCTION = YES;
				GCC_WARN_UNUSED_VARIABLE = YES;
				IPHONEOS_DEPLOYMENT_TARGET = 14.0;
				MTL_ENABLE_DEBUG_INFO = NO;
				MTL_FAST_MATH = YES;
				SDKROOT = iphoneos;
				SWIFT_COMPILATION_MODE = wholemodule;
				SWIFT_OPTIMIZATION_LEVEL = "-O";
				VALIDATE_PRODUCT = YES;
			};
			name = Release;
		};
		95D1ADD625238B6500464727 /* Debug */ = {
			isa = XCBuildConfiguration;
			buildSettings = {
				ASSETCATALOG_COMPILER_APPICON_NAME = AppIcon;
				ASSETCATALOG_COMPILER_GLOBAL_ACCENT_COLOR_NAME = AccentColor;
				CODE_SIGN_STYLE = Automatic;
				DEVELOPMENT_TEAM = G3UVTA7F6Z;
				INFOPLIST_FILE = SocialApp/Info.plist;
				IPHONEOS_DEPLOYMENT_TARGET = 13.0;
				LD_RUNPATH_SEARCH_PATHS = (
					"$(inherited)",
					"@executable_path/Frameworks",
				);
				PRODUCT_BUNDLE_IDENTIFIER = ru.amio.SocialApp;
				PRODUCT_NAME = "$(TARGET_NAME)";
				SWIFT_VERSION = 5.0;
				TARGETED_DEVICE_FAMILY = "1,2";
			};
			name = Debug;
		};
		95D1ADD725238B6500464727 /* Release */ = {
			isa = XCBuildConfiguration;
			buildSettings = {
				ASSETCATALOG_COMPILER_APPICON_NAME = AppIcon;
				ASSETCATALOG_COMPILER_GLOBAL_ACCENT_COLOR_NAME = AccentColor;
				CODE_SIGN_STYLE = Automatic;
				DEVELOPMENT_TEAM = G3UVTA7F6Z;
				INFOPLIST_FILE = SocialApp/Info.plist;
				IPHONEOS_DEPLOYMENT_TARGET = 13.0;
				LD_RUNPATH_SEARCH_PATHS = (
					"$(inherited)",
					"@executable_path/Frameworks",
				);
				PRODUCT_BUNDLE_IDENTIFIER = ru.amio.SocialApp;
				PRODUCT_NAME = "$(TARGET_NAME)";
				SWIFT_VERSION = 5.0;
				TARGETED_DEVICE_FAMILY = "1,2";
			};
			name = Release;
		};
/* End XCBuildConfiguration section */

/* Begin XCConfigurationList section */
		95D1ADBC25238B6200464727 /* Build configuration list for PBXProject "SocialApp" */ = {
			isa = XCConfigurationList;
			buildConfigurations = (
				95D1ADD325238B6500464727 /* Debug */,
				95D1ADD425238B6500464727 /* Release */,
			);
			defaultConfigurationIsVisible = 0;
			defaultConfigurationName = Release;
		};
		95D1ADD525238B6500464727 /* Build configuration list for PBXNativeTarget "SocialApp" */ = {
			isa = XCConfigurationList;
			buildConfigurations = (
				95D1ADD625238B6500464727 /* Debug */,
				95D1ADD725238B6500464727 /* Release */,
			);
			defaultConfigurationIsVisible = 0;
			defaultConfigurationName = Release;
		};
/* End XCConfigurationList section */
	};
	rootObject = 95D1ADB925238B6200464727 /* Project object */;
}
